
Microsoft Visual Studio Solution File, Format Version 12.00
# Visual Studio Version 17
VisualStudioVersion = 17.4.33213.308
MinimumVisualStudioVersion = 10.0.40219.1
Project("{FAE04EC0-301F-11D3-BF4B-00C04F79EFBC}") = "Aula18102023", "Aula18102023\Aula18102023.csproj", "{C63F018E-619C-4EF5-8DC4-5E19DD57A217}"
EndProject
Global
	GlobalSection(SolutionConfigurationPlatforms) = preSolution
		Debug|Any CPU = Debug|Any CPU
		Release|Any CPU = Release|Any CPU
	EndGlobalSection
	GlobalSection(ProjectConfigurationPlatforms) = postSolution
		{C63F018E-619C-4EF5-8DC4-5E19DD57A217}.Debug|Any CPU.ActiveCfg = Debug|Any CPU
		{C63F018E-619C-4EF5-8DC4-5E19DD57A217}.Debug|Any CPU.Build.0 = Debug|Any CPU
		{C63F018E-619C-4EF5-8DC4-5E19DD57A217}.Release|Any CPU.ActiveCfg = Release|Any CPU
		{C63F018E-619C-4EF5-8DC4-5E19DD57A217}.Release|Any CPU.Build.0 = Release|Any CPU
	EndGlobalSection
	GlobalSection(SolutionProperties) = preSolution
		HideSolutionNode = FALSE
	EndGlobalSection
	GlobalSection(ExtensibilityGlobals) = postSolution
		SolutionGuid = {BE9F6577-3DA1-41C3-87F2-DBDD2C897CF3}
	EndGlobalSection
EndGlobal
